version = 1
revision = 3
requires-python = ">=3.13"
resolution-markers = [
    "python_full_version >= '3.14'",
    "python_full_version < '3.14'",
]

[[package]]
name = "aiodns"
version = "3.6.1"
source = { registry = "https://pypi.org/simple" }
dependencies = [
    { name = "pycares" },
]
sdist = { url = "https://files.pythonhosted.org/packages/85/2f/9d1ee4f937addda60220f47925dac6c6b3782f6851fd578987284a8d2491/aiodns-3.6.1.tar.gz", hash = "sha256:b0e9ce98718a5b8f7ca8cd16fc393163374bc2412236b91f6c851d066e3324b6", size = 15143, upload-time = "2025-12-11T12:53:07.785Z" }
wheels = [
    { url = "https://files.pythonhosted.org/packages/09/e3/9f777774ebe8f664bcd564f9de3936490a16effa82a969372161c9b0fb21/aiodns-3.6.1-py3-none-any.whl", hash = "sha256:46233ccad25f2037903828c5d05b64590eaa756e51d12b4a5616e2defcbc98c7", size = 7975, upload-time = "2025-12-11T12:53:06.387Z" },
]

[[package]]
name = "cffi"
version = "2.0.0"
source = { registry = "https://pypi.org/simple" }
dependencies = [
    { name = "pycparser", marker = "implementation_name != 'PyPy'" },
]
sdist = { url = "https://files.pythonhosted.org/packages/eb/56/b1ba7935a17738ae8453301356628e8147c79dbb825bcbc73dc7401f9846/cffi-2.0.0.tar.gz", hash = "sha256:44d1b5909021139fe36001ae048dbdde8214afa20200eda0f64c068cac5d5529", size = 523588, upload-time = "2025-09-08T23:24:04.541Z" }
wheels = [
    { url = "https://files.pythonhosted.org/packages/4b/8d/a0a47a0c9e413a658623d014e91e74a50cdd2c423f7ccfd44086ef767f90/cffi-2.0.0-cp313-cp313-macosx_10_13_x86_64.whl", hash = "sha256:00bdf7acc5f795150faa6957054fbbca2439db2f775ce831222b66f192f03beb", size = 185230, upload-time = "2025-09-08T23:23:00.879Z" },
    { url = "https://files.pythonhosted.org/packages/4a/d2/a6c0296814556c68ee32009d9c2ad4f85f2707cdecfd7727951ec228005d/cffi-2.0.0-cp313-cp313-macosx_11_0_arm64.whl", hash = "sha256:45d5e886156860dc35862657e1494b9bae8dfa63bf56796f2fb56e1679fc0bca", size = 181043, upload-time = "2025-09-08T23:23:02.231Z" },
    { url = "https://files.pythonhosted.org/packages/b0/1e/d22cc63332bd59b06481ceaac49d6c507598642e2230f201649058a7e704/cffi-2.0.0-cp313-cp313-manylinux1_i686.manylinux2014_i686.manylinux_2_17_i686.manylinux_2_5_i686.whl", hash = "sha256:07b271772c100085dd28b74fa0cd81c8fb1a3ba18b21e03d7c27f3436a10606b", size = 212446, upload-time = "2025-09-08T23:23:03.472Z" },
    { url = "https://files.pythonhosted.org/packages/a9/f5/a2c23eb03b61a0b8747f211eb716446c826ad66818ddc7810cc2cc19b3f2/cffi-2.0.0-cp313-cp313-manylinux2014_aarch64.manylinux_2_17_aarch64.whl", hash = "sha256:d48a880098c96020b02d5a1f7d9251308510ce8858940e6fa99ece33f610838b", size = 220101, upload-time = "2025-09-08T23:23:04.792Z" },
    { url = "https://files.pythonhosted.org/packages/f2/7f/e6647792fc5850d634695bc0e6ab4111ae88e89981d35ac269956605feba/cffi-2.0.0-cp313-cp313-manylinux2014_ppc64le.manylinux_2_17_ppc64le.whl", hash = "sha256:f93fd8e5c8c0a4aa1f424d6173f14a892044054871c771f8566e4008eaa359d2", size = 207948, upload-time = "2025-09-08T23:23:06.127Z" },
    { url = "https://files.pythonhosted.org/packages/cb/1e/a5a1bd6f1fb30f22573f76533de12a00bf274abcdc55c8edab639078abb6/cffi-2.0.0-cp313-cp313-manylinux2014_s390x.manylinux_2_17_s390x.whl", hash = "sha256:dd4f05f54a52fb558f1ba9f528228066954fee3ebe629fc1660d874d040ae5a3", size = 206422, upload-time = "2025-09-08T23:23:07.753Z" },
    { url = "https://files.pythonhosted.org/packages/98/df/0a1755e750013a2081e863e7cd37e0cdd02664372c754e5560099eb7aa44/cffi-2.0.0-cp313-cp313-manylinux2014_x86_64.manylinux_2_17_x86_64.whl", hash = "sha256:c8d3b5532fc71b7a77c09192b4a5a200ea992702734a2e9279a37f2478236f26", size = 219499, upload-time = "2025-09-08T23:23:09.648Z" },
    { url = "https://files.pythonhosted.org/packages/50/e1/a969e687fcf9ea58e6e2a928ad5e2dd88cc12f6f0ab477e9971f2309b57c/cffi-2.0.0-cp313-cp313-musllinux_1_2_aarch64.whl", hash = "sha256:d9b29c1f0ae438d5ee9acb31cadee00a58c46cc9c0b2f9038c6b0b3470877a8c", size = 222928, upload-time = "2025-09-08T23:23:10.928Z" },
    { url = "https://files.pythonhosted.org/packages/36/54/0362578dd2c9e557a28ac77698ed67323ed5b9775ca9d3fe73fe191bb5d8/cffi-2.0.0-cp313-cp313-musllinux_1_2_x86_64.whl", hash = "sha256:6d50360be4546678fc1b79ffe7a66265e28667840010348dd69a314145807a1b", size = 221302, upload-time = "2025-09-08T23:23:12.42Z" },
    { url = "https://files.pythonhosted.org/packages/eb/6d/bf9bda840d5f1dfdbf0feca87fbdb64a918a69bca42cfa0ba7b137c48cb8/cffi-2.0.0-cp313-cp313-win32.whl", hash = "sha256:74a03b9698e198d47562765773b4a8309919089150a0bb17d829ad7b44b60d27", size = 172909, upload-time = "2025-09-08T23:23:14.32Z" },
    { url = "https://files.pythonhosted.org/packages/37/18/6519e1ee6f5a1e579e04b9ddb6f1676c17368a7aba48299c3759bbc3c8b3/cffi-2.0.0-cp313-cp313-win_amd64.whl", hash = "sha256:19f705ada2530c1167abacb171925dd886168931e0a7b78f5bffcae5c6b5be75", size = 183402, upload-time = "2025-09-08T23:23:15.535Z" },
    { url = "https://files.pythonhosted.org/packages/cb/0e/02ceeec9a7d6ee63bb596121c2c8e9b3a9e150936f4fbef6ca1943e6137c/cffi-2.0.0-cp313-cp313-win_arm64.whl", hash = "sha256:256f80b80ca3853f90c21b23ee78cd008713787b1b1e93eae9f3d6a7134abd91", size = 177780, upload-time = "2025-09-08T23:23:16.761Z" },
    { url = "https://files.pythonhosted.org/packages/92/c4/3ce07396253a83250ee98564f8d7e9789fab8e58858f35d07a9a2c78de9f/cffi-2.0.0-cp314-cp314-macosx_10_13_x86_64.whl", hash = "sha256:fc33c5141b55ed366cfaad382df24fe7dcbc686de5be719b207bb248e3053dc5", size = 185320, upload-time = "2025-09-08T23:23:18.087Z" },
    { url = "https://files.pythonhosted.org/packages/59/dd/27e9fa567a23931c838c6b02d0764611c62290062a6d4e8ff7863daf9730/cffi-2.0.0-cp314-cp314-macosx_11_0_arm64.whl", hash = "sha256:c654de545946e0db659b3400168c9ad31b5d29593291482c43e3564effbcee13", size = 181487, upload-time = "2025-09-08T23:23:19.622Z" },
    { url = "https://files.pythonhosted.org/packages/d6/43/0e822876f87ea8a4ef95442c3d766a06a51fc5298823f884ef87aaad168c/cffi-2.0.0-cp314-cp314-manylinux2014_aarch64.manylinux_2_17_aarch64.whl", hash = "sha256:24b6f81f1983e6df8db3adc38562c83f7d4a0c36162885ec7f7b77c7dcbec97b", size = 220049, upload-time = "2025-09-08T23:23:20.853Z" },
    { url = "https://files.pythonhosted.org/packages/b4/89/76799151d9c2d2d1ead63c2429da9ea9d7aac304603de0c6e8764e6e8e70/cffi-2.0.0-cp314-cp314-manylinux2014_ppc64le.manylinux_2_17_ppc64le.whl", hash = "sha256:12873ca6cb9b0f0d3a0da705d6086fe911591737a59f28b7936bdfed27c0d47c", size = 207793, upload-time = "2025-09-08T23:23:22.08Z" },
    { url = "https://files.pythonhosted.org/packages/bb/dd/3465b14bb9e24ee24cb88c9e3730f6de63111fffe513492bf8c808a3547e/cffi-2.0.0-cp314-cp314-manylinux2014_s390x.manylinux_2_17_s390x.whl", hash = "sha256:d9b97165e8aed9272a6bb17c01e3cc5871a594a446ebedc996e2397a1c1ea8ef", size = 206300, upload-time = "2025-09-08T23:23:23.314Z" },
    { url = "https://files.pythonhosted.org/packages/47/d9/d83e293854571c877a92da46fdec39158f8d7e68da75bf73581225d28e90/cffi-2.0.0-cp314-cp314-manylinux2014_x86_64.manylinux_2_17_x86_64.whl", hash = "sha256:afb8db5439b81cf9c9d0c80404b60c3cc9c3add93e114dcae767f1477cb53775", size = 219244, upload-time = "2025-09-08T23:23:24.541Z" },
    { url = "https://files.pythonhosted.org/packages/2b/0f/1f177e3683aead2bb00f7679a16451d302c436b5cbf2505f0ea8146ef59e/cffi-2.0.0-cp314-cp314-musllinux_1_2_aarch64.whl", hash = "sha256:737fe7d37e1a1bffe70bd5754ea763a62a066dc5913ca57e957824b72a85e205", size = 222828, upload-time = "2025-09-08T23:23:26.143Z" },
    { url = "https://files.pythonhosted.org/packages/c6/0f/cafacebd4b040e3119dcb32fed8bdef8dfe94da653155f9d0b9dc660166e/cffi-2.0.0-cp314-cp314-musllinux_1_2_x86_64.whl", hash = "sha256:38100abb9d1b1435bc4cc340bb4489635dc2f0da7456590877030c9b3d40b0c1", size = 220926, upload-time = "2025-09-08T23:23:27.873Z" },
    { url = "https://files.pythonhosted.org/packages/3e/aa/df335faa45b395396fcbc03de2dfcab242cd61a9900e914fe682a59170b1/cffi-2.0.0-cp314-cp314-win32.whl", hash = "sha256:087067fa8953339c723661eda6b54bc98c5625757ea62e95eb4898ad5e776e9f", size = 175328, upload-time = "2025-09-08T23:23:44.61Z" },
    { url = "https://files.pythonhosted.org/packages/bb/92/882c2d30831744296ce713f0feb4c1cd30f346ef747b530b5318715cc367/cffi-2.0.0-cp314-cp314-win_amd64.whl", hash = "sha256:203a48d1fb583fc7d78a4c6655692963b860a417c0528492a6bc21f1aaefab25", size = 185650, upload-time = "2025-09-08T23:23:45.848Z" },
    { url = "https://files.pythonhosted.org/packages/9f/2c/98ece204b9d35a7366b5b2c6539c350313ca13932143e79dc133ba757104/cffi-2.0.0-cp314-cp314-win_arm64.whl", hash = "sha256:dbd5c7a25a7cb98f5ca55d258b103a2054f859a46ae11aaf23134f9cc0d356ad", size = 180687, upload-time = "2025-09-08T23:23:47.105Z" },
    { url = "https://files.pythonhosted.org/packages/3e/61/c768e4d548bfa607abcda77423448df8c471f25dbe64fb2ef6d555eae006/cffi-2.0.0-cp314-cp314t-macosx_10_13_x86_64.whl", hash = "sha256:9a67fc9e8eb39039280526379fb3a70023d77caec1852002b4da7e8b270c4dd9", size = 188773, upload-time = "2025-09-08T23:23:29.347Z" },
    { url = "https://files.pythonhosted.org/packages/2c/ea/5f76bce7cf6fcd0ab1a1058b5af899bfbef198bea4d5686da88471ea0336/cffi-2.0.0-cp314-cp314t-macosx_11_0_arm64.whl", hash = "sha256:7a66c7204d8869299919db4d5069a82f1561581af12b11b3c9f48c584eb8743d", size = 185013, upload-time = "2025-09-08T23:23:30.63Z" },
    { url = "https://files.pythonhosted.org/packages/be/b4/c56878d0d1755cf9caa54ba71e5d049479c52f9e4afc230f06822162ab2f/cffi-2.0.0-cp314-cp314t-manylinux2014_aarch64.manylinux_2_17_aarch64.whl", hash = "sha256:7cc09976e8b56f8cebd752f7113ad07752461f48a58cbba644139015ac24954c", size = 221593, upload-time = "2025-09-08T23:23:31.91Z" },
    { url = "https://files.pythonhosted.org/packages/e0/0d/eb704606dfe8033e7128df5e90fee946bbcb64a04fcdaa97321309004000/cffi-2.0.0-cp314-cp314t-manylinux2014_ppc64le.manylinux_2_17_ppc64le.whl", hash = "sha256:92b68146a71df78564e4ef48af17551a5ddd142e5190cdf2c5624d0c3ff5b2e8", size = 209354, upload-time = "2025-09-08T23:23:33.214Z" },
    { url = "https://files.pythonhosted.org/packages/d8/19/3c435d727b368ca475fb8742ab97c9cb13a0de600ce86f62eab7fa3eea60/cffi-2.0.0-cp314-cp314t-manylinux2014_s390x.manylinux_2_17_s390x.whl", hash = "sha256:b1e74d11748e7e98e2f426ab176d4ed720a64412b6a15054378afdb71e0f37dc", size = 208480, upload-time = "2025-09-08T23:23:34.495Z" },
    { url = "https://files.pythonhosted.org/packages/d0/44/681604464ed9541673e486521497406fadcc15b5217c3e326b061696899a/cffi-2.0.0-cp314-cp314t-manylinux2014_x86_64.manylinux_2_17_x86_64.whl", hash = "sha256:28a3a209b96630bca57cce802da70c266eb08c6e97e5afd61a75611ee6c64592", size = 221584, upload-time = "2025-09-08T23:23:36.096Z" },
    { url = "https://files.pythonhosted.org/packages/25/8e/342a504ff018a2825d395d44d63a767dd8ebc927ebda557fecdaca3ac33a/cffi-2.0.0-cp314-cp314t-musllinux_1_2_aarch64.whl", hash = "sha256:7553fb2090d71822f02c629afe6042c299edf91ba1bf94951165613553984512", size = 224443, upload-time = "2025-09-08T23:23:37.328Z" },
    { url = "https://files.pythonhosted.org/packages/e1/5e/b666bacbbc60fbf415ba9988324a132c9a7a0448a9a8f125074671c0f2c3/cffi-2.0.0-cp314-cp314t-musllinux_1_2_x86_64.whl", hash = "sha256:6c6c373cfc5c83a975506110d17457138c8c63016b563cc9ed6e056a82f13ce4", size = 223437, upload-time = "2025-09-08T23:23:38.945Z" },
    { url = "https://files.pythonhosted.org/packages/a0/1d/ec1a60bd1a10daa292d3cd6bb0b359a81607154fb8165f3ec95fe003b85c/cffi-2.0.0-cp314-cp314t-win32.whl", hash = "sha256:1fc9ea04857caf665289b7a75923f2c6ed559b8298a1b8c49e59f7dd95c8481e", size = 180487, upload-time = "2025-09-08T23:23:40.423Z" },
    { url = "https://files.pythonhosted.org/packages/bf/41/4c1168c74fac325c0c8156f04b6749c8b6a8f405bbf91413ba088359f60d/cffi-2.0.0-cp314-cp314t-win_amd64.whl", hash = "sha256:d68b6cef7827e8641e8ef16f4494edda8b36104d79773a334beaa1e3521430f6", size = 191726, upload-time = "2025-09-08T23:23:41.742Z" },
    { url = "https://files.pythonhosted.org/packages/ae/3a/dbeec9d1ee0844c679f6bb5d6ad4e9f198b1224f4e7a32825f47f6192b0c/cffi-2.0.0-cp314-cp314t-win_arm64.whl", hash = "sha256:0a1527a803f0a659de1af2e1fd700213caba79377e27e4693648c2923da066f9", size = 184195, upload-time = "2025-09-08T23:23:43.004Z" },
]

[[package]]
name = "cryptography"
version = "50.0.1"
source = { registry = "https://pypi.org/simple" }
dependencies = [
    { name = "cffi", marker = "platform_python_implementation != 'PyPy'" },
]
sdist = { url = "https://files.pythonhosted.org/packages/bb/ad/5d6702db60b1e40b41ef513b6967ff5848f307d50f8449baf1634f5908f1/cryptography-50.0.1.tar.gz", hash = "sha256:5dd9bda1c12b4162f6ff568eeb5e0ff956c28d14406e875cfe8a63a2d414ff20", size = 880381, upload-time = "2026-08-25T19:45:45.499Z" }
wheels = [
    { url = "https://files.pythonhosted.org/packages/ba/19/797e2aaac9df6a66f1550f49979dc1b1e39ecd2077501c30efa81e8d5d67/cryptography-50.0.1-cp311-abi3-macosx_11_0_arm64.whl", hash = "sha256:b8f852c65863251b9e3a1b8c150ce21e59b522dbb6a7d4bc80e680d38388e986", size = 4010153, upload-time = "2026-08-25T19:44:03.155Z" },
    { url = "https://files.pythonhosted.org/packages/90/34/9ce9a62ed9dc82ca9fd6a34445b6904af56e5f38b3eae2ed32e49c36053d/cryptography-50.0.1-cp311-abi3-manylinux2014_aarch64.manylinux_2_17_aarch64.whl", hash = "sha256:53e279950892dc102c6b4e52af03ae5ea92fac572a1ddab78ca73a997f62b69f", size = 4723133, upload-time = "2026-08-25T19:44:05.461Z" },
    { url = "https://files.pythonhosted.org/packages/57/26/e6d4fc8512a51a5f9ee7bfdbfb853bce1197087df40c9ad993ad370b846f/cryptography-50.0.1-cp311-abi3-manylinux2014_x86_64.manylinux_2_17_x86_64.whl", hash = "sha256:ff838d62ec1bfce4f9ba7fa16f4a7b554cd8d0c299e6be37502161a660c84eef", size = 4712478, upload-time = "2026-08-25T19:44:07.375Z" },
    { url = "https://files.pythonhosted.org/packages/e6/de/d3cdc2815697aae84126cbd6a030ca7b6b452e28a88b501b836bd3aa7a86/cryptography-50.0.1-cp311-abi3-manylinux_2_28_aarch64.whl", hash = "sha256:e74591e283fe6eb956416c929eb58262a719fe0311fd9054c62c3350ed8760d8", size = 4730726, upload-time = "2026-08-25T19:44:09.294Z" },
    { url = "https://files.pythonhosted.org/packages/55/32/38c0d344b98c06d34b5df8946565a9c0d6dbf32c8e0730a7f05f0a3c6cab/cryptography-50.0.1-cp311-abi3-manylinux_2_28_ppc64le.whl", hash = "sha256:5fe002589592ed749ce77fe0695fcbd3500dd61d7d6db5858a7544c612fa8e45", size = 5353524, upload-time = "2026-08-25T19:44:11.96Z" },
    { url = "https://files.pythonhosted.org/packages/e1/1b/82f0f0d8858d4432be1af790477edf62aef90324041aa07c57e57bef1af7/cryptography-50.0.1-cp311-abi3-manylinux_2_28_x86_64.whl", hash = "sha256:51593d180cf6d179bde5c5d065bed81386b1f381656ae7d042b7ffc87a9895ad", size = 4746720, upload-time = "2026-08-25T19:44:14.051Z" },
    { url = "https://files.pythonhosted.org/packages/29/ba/042ca458b8c64348c768284b5d23e69b92ed53d057ab779fee628564676d/cryptography-50.0.1-cp311-abi3-manylinux_2_31_armv7l.whl", hash = "sha256:359e62deae718bce96170e223fdcb6357e4fbd3bb7a3a75f4430763532560e49", size = 4361866, upload-time = "2026-08-25T19:44:16.167Z" },
    { url = "https://files.pythonhosted.org/packages/39/3b/e96c1ef71edef71057c7e3c3d982ce8fda554e0c52d0cc19c18845cde3eb/cryptography-50.0.1-cp311-abi3-manylinux_2_34_aarch64.whl", hash = "sha256:e2ca8fd1b6b4b82a1c4cb02841d0837e3c12336c2e24b520ab8ab3b969733d8f", size = 4730028, upload-time = "2026-08-25T19:44:18.085Z" },
    { url = "https://files.pythonhosted.org/packages/e3/38/45abd72ef63f2e7d0754a6cacf97bd8b69512ace7f6130d24c39ece65da2/cryptography-50.0.1-cp311-abi3-manylinux_2_34_ppc64le.whl", hash = "sha256:76de83fbd91ac49c0feaaa983d0748fd7a53176afac5fb3bf7478d244f0eb527", size = 5308405, upload-time = "2026-08-25T19:44:20.197Z" },
    { url = "https://files.pythonhosted.org/packages/85/66/6ccca4722987ddedaa7fc9c3f4708af7431f5535666c174350830888c6b7/cryptography-50.0.1-cp311-abi3-manylinux_2_34_x86_64.whl", hash = "sha256:51afcfceb15597cf2635068e4ac9a56b2abde622edde17f37d85fd7b5306497a", size = 4746230, upload-time = "2026-08-25T19:44:22.376Z" },
    { url = "https://files.pythonhosted.org/packages/13/0e/b1f92e013228111413f2e6743948b80bc24dfd3c1b87ba98ceea16f5df89/cryptography-50.0.1-cp311-abi3-musllinux_1_2_aarch64.whl", hash = "sha256:be224a65493ec5b74a158ff22a5522ce4a5ca1e543c647a3a4730d4a09e5f959", size = 4862596, upload-time = "2026-08-25T19:44:24.472Z" },
    { url = "https://files.pythonhosted.org/packages/7e/22/c3654cccc856e9d682817b04ac3ee79731cb09ca6f95996a95c904de2883/cryptography-50.0.1-cp311-abi3-musllinux_1_2_x86_64.whl", hash = "sha256:9ebcdd5519be9b652a46f507817a74591774fc3d6923ac364e4dfa64e36b291b", size = 5014082, upload-time = "2026-08-25T19:44:26.709Z" },
    { url = "https://files.pythonhosted.org/packages/42/8b/cb12b1b60c91b074ca6bf0fdd59aa8f10d8bc5f73af8faece86ef0421b37/cryptography-50.0.1-cp311-abi3-win_amd64.whl", hash = "sha256:aed8db4f6d71c51efb89530e12d9464e7bf2923d46c3205dc794a2a93f8c0648", size = 3842826, upload-time = "2026-08-25T19:44:28.784Z" },
    { url = "https://files.pythonhosted.org/packages/5b/f0/424cb557d99aa86ac55da5e2add02e2882e44047b6264f93ade1b975a993/cryptography-50.0.1-cp314-cp314t-macosx_11_0_arm64.whl", hash = "sha256:30a125032e5642a21ff816e021152bd4e7e94f03eff3f4b7fca41cd22bc3110f", size = 3973525, upload-time = "2026-08-25T19:44:30.7Z" },
    { url = "https://files.pythonhosted.org/packages/4d/72/3a2711d967977ab5fc80b782837c7e8d1ac7445e764c20c381a265c57ef3/cryptography-50.0.1-cp314-cp314t-manylinux2014_aarch64.manylinux_2_17_aarch64.whl", hash = "sha256:a0b1a59e3a089064a0ec309e9428c8e3ae4e161419d20ac33600767e83fc658a", size = 4708817, upload-time = "2026-08-25T19:44:32.773Z" },
    { url = "https://files.pythonhosted.org/packages/b4/f2/bb1f56e10815b789df0b409a69fa4992ff3d3fef9c72747f4a6b26fed38e/cryptography-50.0.1-cp314-cp314t-manylinux2014_x86_64.manylinux_2_17_x86_64.whl", hash = "sha256:8921d58f426793c5f1b47f0b59575780de9a095214958d0eb37d909593db8367", size = 4697300, upload-time = "2026-08-25T19:44:35.144Z" },
    { url = "https://files.pythonhosted.org/packages/08/bd/ed5396be499ffcf8807a585bfe38b71a1fbdd1c342b4f9b6d0ef5162a946/cryptography-50.0.1-cp314-cp314t-manylinux_2_28_aarch64.whl", hash = "sha256:a8f40ea47330e71b594a7e246898f93177c259490c63183dbaf9e571d71ed9a5", size = 4716039, upload-time = "2026-08-25T19:44:37.192Z" },
    { url = "https://files.pythonhosted.org/packages/f6/6e/1cf405c5c8e8df7545378048e954792f00b7f2367af8863ce8b8f3e10607/cryptography-50.0.1-cp314-cp314t-manylinux_2_28_ppc64le.whl", hash = "sha256:a255449073358275b64b67d3f595f268bbef70e72b6edb65e0c70c735bf739c9", size = 5332388, upload-time = "2026-08-25T19:44:39.16Z" },
    { url = "https://files.pythonhosted.org/packages/47/92/b4317e8c32c4f47b062f5398bd79106b220a124546f42be83bf32b761e2a/cryptography-50.0.1-cp314-cp314t-manylinux_2_28_x86_64.whl", hash = "sha256:8df2de9102026855887e4587084f6eabd80ed0f345b8ad8a7ac27ab9bf4723e0", size = 4730293, upload-time = "2026-08-25T19:44:41.298Z" },
    { url = "https://files.pythonhosted.org/packages/39/0d/a1e7633e2c744d0f2983320a27e924ef2264c79c56e1a58d5fb0a1cfd413/cryptography-50.0.1-cp314-cp314t-manylinux_2_31_armv7l.whl", hash = "sha256:ac02b07824d4d1001bd4367599f839c19cb171924c796e52c23508ac14c2c0cc", size = 4346031, upload-time = "2026-08-25T19:44:43.245Z" },
    { url = "https://files.pythonhosted.org/packages/88/dd/b215616f9bab3fc18510c78a4e5c9f362d77838503c363dc747c7d4f5c6f/cryptography-50.0.1-cp314-cp314t-manylinux_2_34_aarch64.whl", hash = "sha256:cbf74a81765ee67413503ca6e26dcc4f6f5a519822436cc0a1b97aab6c1b8a17", size = 4715344, upload-time = "2026-08-25T19:44:45.291Z" },
    { url = "https://files.pythonhosted.org/packages/b1/1b/ec3ebd31741d0e963612c4fe43caa39341b9b1e031e469820e42e4c83918/cryptography-50.0.1-cp314-cp314t-manylinux_2_34_ppc64le.whl", hash = "sha256:16c5ecd954b3330ebfb6605eca4fd952da8bef376551d5cc264534e3770a9ee6", size = 5287201, upload-time = "2026-08-25T19:44:47.297Z" },
    { url = "https://files.pythonhosted.org/packages/1a/01/0127d11a762b31a9ee0221894f540318761783f3fdc4bc5d057698caebd5/cryptography-50.0.1-cp314-cp314t-manylinux_2_34_x86_64.whl", hash = "sha256:79bf008d1f9af6071c797ad133e39915dfee7614f18f18f4db9072eb715064a3", size = 4730023, upload-time = "2026-08-25T19:44:49.435Z" },
    { url = "https://files.pythonhosted.org/packages/9e/b9/e7425ebfb599241a0c1d7000f1b466c3062da66c19d9525031315dff7213/cryptography-50.0.1-cp314-cp314t-musllinux_1_2_aarch64.whl", hash = "sha256:330fbb252391c596f1ae42c5754449dc924e6ad012dca8efe0d703f9f2d12ec6", size = 4847362, upload-time = "2026-08-25T19:44:51.94Z" },
    { url = "https://files.pythonhosted.org/packages/2d/fd/60d0ddf4defa12e482c9d5e0f554384d6e8ab25341fd15f060028fd92e6a/cryptography-50.0.1-cp314-cp314t-musllinux_1_2_x86_64.whl", hash = "sha256:42be3bb70596b3abe4ac097b75be223e8b3ab614a0e5de068e3dcc54d71d6149", size = 4999247, upload-time = "2026-08-25T19:44:53.876Z" },
    { url = "https://files.pythonhosted.org/packages/4d/56/bc4f2b209e766c93372cfcd59b781a0b2b59700f62a969580415b699c2b2/cryptography-50.0.1-cp314-cp314t-win_amd64.whl", hash = "sha256:f74455bb086a85d5e81246412602aaa97ed095e504cd40dd261ef50be42205bf", size = 3825806, upload-time = "2026-08-25T19:44:56.209Z" },
    { url = "https://files.pythonhosted.org/packages/84/a9/ee16a903f13755e914d1eecc482fe64d1f10761c3960e5d8fa6837377aff/cryptography-50.0.1-cp39-abi3-macosx_11_0_arm64.whl", hash = "sha256:ca83d00d9e69cd5eb63f2e69c3a5a59e0cecae5ae14c6ae0b35830fe3b37bad0", size = 4035307, upload-time = "2026-08-25T19:44:58.305Z" },
    { url = "https://files.pythonhosted.org/packages/5e/a5/9ec7e81e8526c0d7a387d73386b2daed3f39e10d81a85930bd1b6bfba65c/cryptography-50.0.1-cp39-abi3-manylinux2014_aarch64.manylinux_2_17_aarch64.whl", hash = "sha256:05ba322c4da95b262a212c345af888ef2c37c88c0509756ea00a0e6d68850f23", size = 4751900, upload-time = "2026-08-25T19:45:00.401Z" },
    { url = "https://files.pythonhosted.org/packages/7e/3c/0e77bd5ffcf078e9dd27d3074aad6c030d9b10d0bf69329d573c927a188c/cryptography-50.0.1-cp39-abi3-manylinux2014_x86_64.manylinux_2_17_x86_64.whl", hash = "sha256:e22dfed744bd4002e909464cb23d2f0b05c6f3113a79ef2e9864a53db737c733", size = 4738357, upload-time = "2026-08-25T19:45:02.786Z" },
    { url = "https://files.pythonhosted.org/packages/27/3a/3c5f80daa4dcd47323c7af8a2fcb90de27a33564d4fcac69846c0972691a/cryptography-50.0.1-cp39-abi3-manylinux_2_28_aarch64.whl", hash = "sha256:4c4188f7c0cf655be5c06342b817ed0f9595b69ffa2b12026e5353eed29dea88", size = 4758474, upload-time = "2026-08-25T19:45:04.889Z" },
    { url = "https://files.pythonhosted.org/packages/6e/2b/214cf0cf93db9628c3c20c896b229f327f6fb1b20e4b3743d8ad3f00af8b/cryptography-50.0.1-cp39-abi3-manylinux_2_28_ppc64le.whl", hash = "sha256:2ebbfb0f1fed745e91796e3e1080a1440423fdae8ece1b995a1d80883a409054", size = 5375862, upload-time = "2026-08-25T19:45:07.163Z" },
    { url = "https://files.pythonhosted.org/packages/d6/51/3f9701867a46b6c1740c9b52fc4d3bed6cbdcfedcc9b6e64305c07f39cff/cryptography-50.0.1-cp39-abi3-manylinux_2_28_x86_64.whl", hash = "sha256:407fe2b6db00939c05c0e945e9914238f2f0a430974839429dafc82b1ee6bee5", size = 4772942, upload-time = "2026-08-25T19:45:09.396Z" },
    { url = "https://files.pythonhosted.org/packages/0d/5c/13ea642e08e2544d0f5396122055f4820cfacb3203562197b5967125ea97/cryptography-50.0.1-cp39-abi3-manylinux_2_31_armv7l.whl", hash = "sha256:2b34d76a652ea2b6faf777c35df230c5637842cd904e04f16230c3f9f03e4361", size = 4383347, upload-time = "2026-08-25T19:45:11.659Z" },
    { url = "https://files.pythonhosted.org/packages/84/d5/7d1fe1cb93f91c428093ff234e128c89ba8ea61a6f26aab406081f9b996e/cryptography-50.0.1-cp39-abi3-manylinux_2_34_aarch64.whl", hash = "sha256:01f41478cf33fc605a6a089cd56d28b45c6c0b45a1928b61797f2621a04bac71", size = 4758050, upload-time = "2026-08-25T19:45:13.745Z" },
    { url = "https://files.pythonhosted.org/packages/dd/04/557fc5ead96a829e0bc812a3b9dc4a52a2f27e4f7f5950da7ff27653a805/cryptography-50.0.1-cp39-abi3-manylinux_2_34_ppc64le.whl", hash = "sha256:fc3ed7ebd2a8c96f5b166de0ab9b624996bef3b07bbeb19364dfb78222c22c80", size = 5332955, upload-time = "2026-08-25T19:45:16.193Z" },
    { url = "https://files.pythonhosted.org/packages/8c/eb/5d7124083e8d8cda8f5b348f544b71ad6f707ad63193758ef4d8e569da02/cryptography-50.0.1-cp39-abi3-manylinux_2_34_x86_64.whl", hash = "sha256:9dde0a357190eb3b1da1bb9ab750e9c85cba82ca5977aa0836cbb94e92611239", size = 4772694, upload-time = "2026-08-25T19:45:18.315Z" },
    { url = "https://files.pythonhosted.org/packages/63/8e/f1f955e0921dd2b6d22eae7e8d24a4c4b638d10735ffbf6a71f99eb0fcb8/cryptography-50.0.1-cp39-abi3-musllinux_1_2_aarch64.whl", hash = "sha256:fd3718b960d0b5dd213cdf03f3bcb7000e69dda0de8b956061947ff6bcff5558", size = 4888413, upload-time = "2026-08-25T19:45:20.4Z" },
    { url = "https://files.pythonhosted.org/packages/1f/ab/89e2b798d2c3925f82e2bb72d5979f3d2f6da2dd22ef4a8cd8b70d920039/cryptography-50.0.1-cp39-abi3-musllinux_1_2_x86_64.whl", hash = "sha256:2a93d05e34d5f67fba6f891fe85d929999baa7195e853923ea6d7576c9e68c5e", size = 5044355, upload-time = "2026-08-25T19:45:22.353Z" },
    { url = "https://files.pythonhosted.org/packages/99/89/87ef49ffe383ef4e147d27b7bf2088fb0b54ea409dd87b5a89442e5828a5/cryptography-50.0.1-cp39-abi3-win_amd64.whl", hash = "sha256:55d16b1ef3ee0958d893a977b19777887e546c9954ea81b200c3301a864013f2", size = 3875429, upload-time = "2026-08-25T19:45:24.418Z" },
]

[[package]]
name = "dnspython"
version = "2.8.0"
source = { registry = "https://pypi.org/simple" }
sdist = { url = "https://files.pythonhosted.org/packages/8c/8b/57666417c0f90f08bcafa776861060426765fdb422eb10212086fb811d26/dnspython-2.8.0.tar.gz", hash = "sha256:181d3c6996452cb1189c4046c61599b84a5a86e099562ffde77d26984ff26d0f", size = 368251, upload-time = "2025-09-07T18:58:00.022Z" }
wheels = [
    { url = "https://files.pythonhosted.org/packages/ba/5a/18ad964b0086c6e62e2e7500f7edc89e3faa45033c71c1893d34eed2b2de/dnspython-2.8.0-py3-none-any.whl", hash = "sha256:01d9bbc4a2d76bf0db7c1f729812ded6d912bd318d3b1cf81d30c0f845dbf3af", size = 331094, upload-time = "2025-09-07T18:57:58.071Z" },
]

[package.optional-dependencies]
dnssec = [
    { name = "cryptography" },
]

[[package]]
name = "pyasn1"
version = "0.6.1"
source = { registry = "https://pypi.org/simple" }
sdist = { url = "https://files.pythonhosted.org/packages/ba/e9/01f1a64245b89f039897cb0130016d79f77d52669aae6ee7b159a6c4c018/pyasn1-0.6.1.tar.gz", hash = "sha256:6f580d2bdd84365380830acf45550f2511469f673cb4a5ae3857a3170128b034", size = 145322, upload-time = "2024-09-10T22:41:42.55Z" }
wheels = [
    { url = "https://files.pythonhosted.org/packages/c8/f1/d6a797abb14f6283c0ddff96bbdd46937f64122b8c925cab503dd37f8214/pyasn1-0.6.1-py3-none-any.whl", hash = "sha256:0d632f46f2ba09143da3a8afe9e33fb6f92fa2320ab7e886e2d0f7672af84629", size = 83135, upload-time = "2024-09-11T16:00:36.122Z" },
]

[[package]]
name = "pyasn1-modules"
version = "0.4.2"
source = { registry = "https://pypi.org/simple" }
dependencies = [
    { name = "pyasn1" },
]
sdist = { url = "https://files.pythonhosted.org/packages/e9/e6/78ebbb10a8c8e4b61a59249394a4a594c1a7af95593dc933a349c8d00964/pyasn1_modules-0.4.2.tar.gz", hash = "sha256:677091de870a80aae844b1ca6134f54652fa2c8c5a52aa396440ac3106e941e6", size = 307892, upload-time = "2025-03-28T02:41:22.17Z" }
wheels = [
    { url = "https://files.pythonhosted.org/packages/47/8d/d529b5d697919ba8c11ad626e835d4039be708a35b0d22de83a269a6682c/pyasn1_modules-0.4.2-py3-none-any.whl", hash = "sha256:29253a9207ce32b64c3ac6600edc75368f98473906e8fd1043bd6b5b1de2c14a", size = 181259, upload-time = "2025-03-28T02:41:19.028Z" },
]

[[package]]
name = "pycares"
version = "4.11.0"
source = { registry = "https://pypi.org/simple" }
dependencies = [
    { name = "cffi" },
]
sdist = { url = "https://files.pythonhosted.org/packages/8d/ad/9d1e96486d2eb5a2672c4d9a2dd372d015b8d7a332c6ac2722c4c8e6bbbf/pycares-4.11.0.tar.gz", hash = "sha256:c863d9003ca0ce7df26429007859afd2a621d3276ed9fef154a9123db9252557", size = 654473, upload-time = "2025-09-09T15:18:21.849Z" }
wheels = [
    { url = "https://files.pythonhosted.org/packages/dc/a9/62fea7ad72ac1fed2ac9dd8e9a7379b7eb0288bf2b3ea5731642c3a6f7de/pycares-4.11.0-cp313-cp313-macosx_10_13_x86_64.whl", hash = "sha256:2c296ab94d1974f8d2f76c499755a9ce31ffd4986e8898ef19b90e32525f7d84", size = 145909, upload-time = "2025-09-09T15:17:10.491Z" },
    { url = "https://files.pythonhosted.org/packages/f4/ac/0317d6d0d3bd7599c53b8f1db09ad04260647d2f6842018e322584791fd5/pycares-4.11.0-cp313-cp313-macosx_11_0_arm64.whl", hash = "sha256:e0fcd3a8bac57a0987d9b09953ba0f8703eb9dca7c77f7051d8c2ed001185be8", size = 141974, upload-time = "2025-09-09T15:17:11.634Z" },
    { url = "https://files.pythonhosted.org/packages/63/11/731b565ae1e81c43dac247a248ee204628186f6df97c9927bd06c62237f8/pycares-4.11.0-cp313-cp313-manylinux_2_28_aarch64.whl", hash = "sha256:bac55842047567ddae177fb8189b89a60633ac956d5d37260f7f71b517fd8b87", size = 637796, upload-time = "2025-09-09T15:17:12.815Z" },
    { url = "https://files.pythonhosted.org/packages/f5/30/a2631fe2ffaa85475cdbff7df1d9376bc0b2a6ae77ca55d53233c937a5da/pycares-4.11.0-cp313-cp313-manylinux_2_28_ppc64le.whl", hash = "sha256:4da2e805ed8c789b9444ef4053f6ef8040cd13b0c1ca6d3c4fe6f9369c458cb4", size = 687734, upload-time = "2025-09-09T15:17:14.015Z" },
    { url = "https://files.pythonhosted.org/packages/a9/b7/b3a5f99d4ab776662e71d5a56e8f6ea10741230ff988d1f502a8d429236b/pycares-4.11.0-cp313-cp313-manylinux_2_28_s390x.whl", hash = "sha256:ea785d1f232b42b325578f0c8a2fa348192e182cc84a1e862896076a4a2ba2a7", size = 678320, upload-time = "2025-09-09T15:17:15.442Z" },
    { url = "https://files.pythonhosted.org/packages/ea/77/a00d962b90432993afbf3bd05da8fe42117e0d9037cd7fd428dc41094d7b/pycares-4.11.0-cp313-cp313-manylinux_2_28_x86_64.whl", hash = "sha256:aa160dc9e785212c49c12bb891e242c949758b99542946cc8e2098ef391f93b0", size = 641012, upload-time = "2025-09-09T15:17:16.728Z" },
    { url = "https://files.pythonhosted.org/packages/c6/fb/9266979ba59d37deee1fd74452b2ae32a7395acafe1bee510ac023c6c9a5/pycares-4.11.0-cp313-cp313-musllinux_1_2_aarch64.whl", hash = "sha256:7830709c23bbc43fbaefbb3dde57bdd295dc86732504b9d2e65044df8fd5e9fb", size = 622363, upload-time = "2025-09-09T15:17:17.835Z" },
    { url = "https://files.pythonhosted.org/packages/91/c2/16dbc3dc33781a3c79cbdd76dd1cda808d98ba078d9a63a725d6a1fad181/pycares-4.11.0-cp313-cp313-musllinux_1_2_ppc64le.whl", hash = "sha256:3ef1ab7abbd238bb2dbbe871c3ea39f5a7fc63547c015820c1e24d0d494a1689", size = 670294, upload-time = "2025-09-09T15:17:19.214Z" },
    { url = "https://files.pythonhosted.org/packages/ff/75/f003905e55298a6dd5e0673a2dc11e31518a5141393b925dc05fcaba9fb4/pycares-4.11.0-cp313-cp313-musllinux_1_2_s390x.whl", hash = "sha256:a4060d8556c908660512d42df1f4a874e4e91b81f79e3a9090afedc7690ea5ba", size = 652973, upload-time = "2025-09-09T15:17:20.388Z" },
    { url = "https://files.pythonhosted.org/packages/55/2a/eafb235c371979e11f8998d686cbaa91df6a84a34ffe4d997dfe57c45445/pycares-4.11.0-cp313-cp313-musllinux_1_2_x86_64.whl", hash = "sha256:a98fac4a3d4f780817016b6f00a8a2c2f41df5d25dfa8e5b1aa0d783645a6566", size = 629235, upload-time = "2025-09-09T15:17:21.92Z" },
    { url = "https://files.pythonhosted.org/packages/05/99/60f19eb1c8eb898882dd8875ea51ad0aac3aff5780b27247969e637cc26a/pycares-4.11.0-cp313-cp313-win32.whl", hash = "sha256:faa8321bc2a366189dcf87b3823e030edf5ac97a6b9a7fc99f1926c4bf8ef28e", size = 118918, upload-time = "2025-09-09T15:17:23.327Z" },
    { url = "https://files.pythonhosted.org/packages/2a/14/bc89ad7225cba73068688397de09d7cad657d67b93641c14e5e18b88e685/pycares-4.11.0-cp313-cp313-win_amd64.whl", hash = "sha256:6f74b1d944a50fa12c5006fd10b45e1a45da0c5d15570919ce48be88e428264c", size = 144556, upload-time = "2025-09-09T15:17:24.341Z" },
    { url = "https://files.pythonhosted.org/packages/af/88/4309576bd74b5e6fc1f39b9bc5e4b578df2cadb16bdc026ac0cc15663763/pycares-4.11.0-cp313-cp313-win_arm64.whl", hash = "sha256:4b6f7581793d8bb3014028b8397f6f80b99db8842da58f4409839c29b16397ad", size = 115692, upload-time = "2025-09-09T15:17:25.637Z" },
    { url = "https://files.pythonhosted.org/packages/2a/70/a723bc79bdcac60361b40184b649282ac0ab433b90e9cc0975370c2ff9c9/pycares-4.11.0-cp314-cp314-macosx_10_13_x86_64.whl", hash = "sha256:df0a17f4e677d57bca3624752bbb515316522ad1ce0de07ed9d920e6c4ee5d35", size = 145910, upload-time = "2025-09-09T15:17:26.774Z" },
    { url = "https://files.pythonhosted.org/packages/d5/4e/46311ef5a384b5f0bb206851135dde8f86b3def38fdbee9e3c03475d35ae/pycares-4.11.0-cp314-cp314-macosx_11_0_arm64.whl", hash = "sha256:3b44e54cad31d3c3be5e8149ac36bc1c163ec86e0664293402f6f846fb22ad00", size = 142053, upload-time = "2025-09-09T15:17:27.956Z" },
    { url = "https://files.pythonhosted.org/packages/74/23/d236fc4f134d6311e4ad6445571e8285e84a3e155be36422ff20c0fbe471/pycares-4.11.0-cp314-cp314-manylinux_2_28_aarch64.whl", hash = "sha256:80752133442dc7e6dd9410cec227c49f69283c038c316a8585cca05ec32c2766", size = 637878, upload-time = "2025-09-09T15:17:29.173Z" },
    { url = "https://files.pythonhosted.org/packages/f7/92/6edd41282b3f0e3d9defaba7b05c39730d51c37c165d9d3b319349c975aa/pycares-4.11.0-cp314-cp314-manylinux_2_28_ppc64le.whl", hash = "sha256:84b0b402dd333403fdce0e204aef1ef834d839c439c0c1aa143dc7d1237bb197", size = 687865, upload-time = "2025-09-09T15:17:30.549Z" },
    { url = "https://files.pythonhosted.org/packages/a7/a9/4d7cf4d72600fd47d9518f9ce99703a3e8711fb08d2ef63d198056cdc9a9/pycares-4.11.0-cp314-cp314-manylinux_2_28_s390x.whl", hash = "sha256:c0eec184df42fc82e43197e073f9cc8f93b25ad2f11f230c64c2dc1c80dbc078", size = 678396, upload-time = "2025-09-09T15:17:32.304Z" },
    { url = "https://files.pythonhosted.org/packages/0b/4b/e546eeb1d8ff6559e2e3bef31a6ea0c6e57ec826191941f83a3ce900ca89/pycares-4.11.0-cp314-cp314-manylinux_2_28_x86_64.whl", hash = "sha256:ee751409322ff10709ee867d5aea1dc8431eec7f34835f0f67afd016178da134", size = 640786, upload-time = "2025-09-09T15:17:33.602Z" },
    { url = "https://files.pythonhosted.org/packages/0e/f5/b4572d9ee9c26de1f8d1dc80730df756276b9243a6794fa3101bbe56613d/pycares-4.11.0-cp314-cp314-musllinux_1_2_aarch64.whl", hash = "sha256:1732db81e348bfce19c9bf9448ba660aea03042eeeea282824da1604a5bd4dcf", size = 621857, upload-time = "2025-09-09T15:17:34.74Z" },
    { url = "https://files.pythonhosted.org/packages/17/f2/639090376198bcaeff86562b25e1bce05a481cfb1e605f82ce62285230cd/pycares-4.11.0-cp314-cp314-musllinux_1_2_ppc64le.whl", hash = "sha256:702d21823996f139874aba5aa9bb786d69e93bde6e3915b99832eb4e335d31ae", size = 670130, upload-time = "2025-09-09T15:17:35.982Z" },
    { url = "https://files.pythonhosted.org/packages/3a/c4/cf40773cd9c36a12cebbe1e9b6fb120f9160dc9bfe0398d81a20b6c69972/pycares-4.11.0-cp314-cp314-musllinux_1_2_s390x.whl", hash = "sha256:218619b912cef7c64a339ab0e231daea10c994a05699740714dff8c428b9694a", size = 653133, upload-time = "2025-09-09T15:17:37.179Z" },
    { url = "https://files.pythonhosted.org/packages/32/6b/06054d977b0a9643821043b59f523f3db5e7684c4b1b4f5821994d5fa780/pycares-4.11.0-cp314-cp314-musllinux_1_2_x86_64.whl", hash = "sha256:719f7ddff024fdacde97b926b4b26d0cc25901d5ef68bb994a581c420069936d", size = 629344, upload-time = "2025-09-09T15:17:38.308Z" },
    { url = "https://files.pythonhosted.org/packages/d6/6f/14bb0c2171a286d512e3f02d6168e608ffe5f6eceab78bf63e3073091ae3/pycares-4.11.0-cp314-cp314-win32.whl", hash = "sha256:d552fb2cb513ce910d1dc22dbba6420758a991a356f3cd1b7ec73a9e31f94d01", size = 121804, upload-time = "2025-09-09T15:17:39.388Z" },
    { url = "https://files.pythonhosted.org/packages/24/dc/6822f9ad6941027f70e1cf161d8631456531a87061588ed3b1dcad07d49d/pycares-4.11.0-cp314-cp314-win_amd64.whl", hash = "sha256:23d50a0842e8dbdddf870a7218a7ab5053b68892706b3a391ecb3d657424d266", size = 148005, upload-time = "2025-09-09T15:17:40.44Z" },
    { url = "https://files.pythonhosted.org/packages/ea/24/24ff3a80aa8471fbb62785c821a8e90f397ca842e0489f83ebf7ee274397/pycares-4.11.0-cp314-cp314-win_arm64.whl", hash = "sha256:836725754c32363d2c5d15b931b3ebd46b20185c02e850672cb6c5f0452c1e80", size = 119239, upload-time = "2025-09-09T15:17:42.094Z" },
    { url = "https://files.pythonhosted.org/packages/54/fe/2f3558d298ff8db31d5c83369001ab72af3b86a0374d9b0d40dc63314187/pycares-4.11.0-cp314-cp314t-macosx_10_13_x86_64.whl", hash = "sha256:c9d839b5700542b27c1a0d359cbfad6496341e7c819c7fea63db9588857065ed", size = 146408, upload-time = "2025-09-09T15:17:43.74Z" },
    { url = "https://files.pythonhosted.org/packages/3c/c8/516901e46a1a73b3a75e87a35f3a3a4fe085f1214f37d954c9d7e782bd6d/pycares-4.11.0-cp314-cp314t-macosx_11_0_arm64.whl", hash = "sha256:31b85ad00422b38f426e5733a71dfb7ee7eb65a99ea328c508d4f552b1760dc8", size = 142371, upload-time = "2025-09-09T15:17:45.186Z" },
    { url = "https://files.pythonhosted.org/packages/ac/99/c3fba0aa575f331ebed91f87ba960ffbe0849211cdf103ab275bc0107ac6/pycares-4.11.0-cp314-cp314t-manylinux_2_28_aarch64.whl", hash = "sha256:cdac992206756b024b371760c55719eb5cd9d6b2cb25a8d5a04ae1b0ff426232", size = 647504, upload-time = "2025-09-09T15:17:46.503Z" },
    { url = "https://files.pythonhosted.org/packages/5c/e4/1cdc3ec9c92f8069ec18c58b016b2df7c44a088e2849f37ed457554961aa/pycares-4.11.0-cp314-cp314t-manylinux_2_28_ppc64le.whl", hash = "sha256:ffb22cee640bc12ee0e654eba74ecfb59e2e0aebc5bccc3cc7ef92f487008af7", size = 697122, upload-time = "2025-09-09T15:17:47.772Z" },
    { url = "https://files.pythonhosted.org/packages/9c/d5/bd8f370b97bb73e5bdd55dc2a78e18d6f49181cf77e88af0599d16f5c073/pycares-4.11.0-cp314-cp314t-manylinux_2_28_s390x.whl", hash = "sha256:00538826d2eaf4a0e4becb0753b0ac8d652334603c445c9566c9eb273657eb4c", size = 687543, upload-time = "2025-09-09T15:17:49.183Z" },
    { url = "https://files.pythonhosted.org/packages/33/38/49b77b9cf5dffc0b1fdd86656975c3bc1a58b79bdc883a9ef749b17a013c/pycares-4.11.0-cp314-cp314t-manylinux_2_28_x86_64.whl", hash = "sha256:29daa36548c04cdcd1a78ae187a4b7b003f0b357a2f4f1f98f9863373eedc759", size = 649565, upload-time = "2025-09-09T15:17:51.03Z" },
    { url = "https://files.pythonhosted.org/packages/3c/23/f6d57bfb99d00a6a7363f95c8d3a930fe82a868d9de24c64c8048d66f16a/pycares-4.11.0-cp314-cp314t-musllinux_1_2_aarch64.whl", hash = "sha256:cf306f3951740d7bed36149a6d8d656a7d5432dd4bbc6af3bb6554361fc87401", size = 631242, upload-time = "2025-09-09T15:17:52.298Z" },
    { url = "https://files.pythonhosted.org/packages/33/a2/7b9121c71cfe06a8474e221593f83a78176fae3b79e5853d2dfd13ab01cc/pycares-4.11.0-cp314-cp314t-musllinux_1_2_ppc64le.whl", hash = "sha256:386da2581db4ea2832629e275c061103b0be32f9391c5dfaea7f6040951950ad", size = 680304, upload-time = "2025-09-09T15:17:53.638Z" },
    { url = "https://files.pythonhosted.org/packages/5b/07/dfe76807f637d8b80e1a59dfc4a1bceabdd0205a45b2ebf78b415ae72af3/pycares-4.11.0-cp314-cp314t-musllinux_1_2_s390x.whl", hash = "sha256:45d3254a694459fdb0640ef08724ca9d4b4f6ff6d7161c9b526d7d2e2111379e", size = 661039, upload-time = "2025-09-09T15:17:55.024Z" },
    { url = "https://files.pythonhosted.org/packages/b2/9b/55d50c5acd46cbe95d0da27740a83e721d89c0ce7e42bff9891a9f29a855/pycares-4.11.0-cp314-cp314t-musllinux_1_2_x86_64.whl", hash = "sha256:eddf5e520bb88b23b04ac1f28f5e9a7c77c718b8b4af3a4a7a2cc4a600f34502", size = 637560, upload-time = "2025-09-09T15:17:56.492Z" },
    { url = "https://files.pythonhosted.org/packages/1f/79/2b2e723d1b929dbe7f99e80a56abb29a4f86988c1f73195d960d706b1629/pycares-4.11.0-cp314-cp314t-win32.whl", hash = "sha256:8a75a406432ce39ce0ca41edff7486df6c970eb0fe5cfbe292f195a6b8654461", size = 122235, upload-time = "2025-09-09T15:17:57.576Z" },
    { url = "https://files.pythonhosted.org/packages/93/fe/bf3b3ed9345a38092e72cd9890a5df5c2349fc27846a714d823a41f0ee27/pycares-4.11.0-cp314-cp314t-win_amd64.whl", hash = "sha256:3784b80d797bcc2ff2bf3d4b27f46d8516fe1707ff3b82c2580dc977537387f9", size = 148575, upload-time = "2025-09-09T15:17:58.699Z" },
    { url = "https://files.pythonhosted.org/packages/ce/20/c0c5cfcf89725fe533b27bc5f714dc4efa8e782bf697c36f9ddf04ba975d/pycares-4.11.0-cp314-cp314t-win_arm64.whl", hash = "sha256:afc6503adf8b35c21183b9387be64ca6810644ef54c9ef6c99d1d5635c01601b", size = 119690, upload-time = "2025-09-09T15:17:59.809Z" },
]

[[package]]
name = "pycparser"
version = "2.23"
source = { registry = "https://pypi.org/simple" }
sdist = { url = "https://files.pythonhosted.org/packages/fe/cf/d2d3b9f5699fb1e4615c8e32ff220203e43b248e1dfcc6736ad9057731ca/pycparser-2.23.tar.gz", hash = "sha256:78816d4f24add8f10a06d6f05b4d424ad9e96cfebf68a4ddc99c65c0720d00c2", size = 173734, upload-time = "2025-09-09T13:23:47.91Z" }
wheels = [
    { url = "https://files.pythonhosted.org/packages/a0/e3/59cd50310fc9b59512193629e1984c1f95e5c8ae6e5d8c69532ccc65a7fe/pycparser-2.23-py3-none-any.whl", hash = "sha256:e5c6e8d3fbad53479cab09ac03729e0a9faf2bee3db8208a550daf5af81a5934", size = 118140, upload-time = "2025-09-09T13:23:46.651Z" },
]

[[package]]
name = "slixmpp"
version = "1.12.0"
source = { registry = "https://pypi.org/simple" }
dependencies = [
    { name = "aiodns" },
    { name = "pyasn1" },
    { name = "pyasn1-modules" },
]
sdist = { url = "https://files.pythonhosted.org/packages/d9/03/925a18ce8aced370a5135b3e0ef870ec71a30da005f747891c83df98ca53/slixmpp-1.12.0.tar.gz", hash = "sha256:7469f6dcaf5742fd62e0e66ee447c5338a74520c1982a70784e7b790def2fdd5", size = 715300, upload-time = "2025-10-19T17:50:18.975Z" }
wheels = [
    { url = "https://files.pythonhosted.org/packages/17/cb/0739c6eabea5de120e5b6642ce2a4b94e175795784a853619adb7caaf4be/slixmpp-1.12.0-cp313-cp313-manylinux_2_17_aarch64.manylinux2014_aarch64.whl", hash = "sha256:d58c647fea0aa068a79422bf012a47dfdd785a9cb7dd2c32c63033974015afc1", size = 917540, upload-time = "2025-10-19T18:25:34.092Z" },
    { url = "https://files.pythonhosted.org/packages/18/0f/8ca3b12c77d1b95860e8766374ae4a543bfecc644e108ae9b57160700305/slixmpp-1.12.0-cp313-cp313-manylinux_2_17_x86_64.manylinux2014_x86_64.whl", hash = "sha256:b93f299890930fb4cd3eba38821cac68988e262cc4f0d56cc3a97c3e776c752d", size = 932329, upload-time = "2025-10-19T18:25:36.27Z" },
    { url = "https://files.pythonhosted.org/packages/dc/c3/43c704420df144a689c993dac44bc2ae9c619b2685071deff15df75d462c/slixmpp-1.12.0-cp313-cp313-musllinux_1_2_aarch64.whl", hash = "sha256:76bec849f00fc6c320ad60bdf34e67b17a8ae93c491cb46c738ed16d8343805f", size = 1047675, upload-time = "2025-10-19T18:25:38.16Z" },
    { url = "https://files.pythonhosted.org/packages/ee/df/c4cbe8f2676b45778764dad94b399db7693d4a9206aa4e36bd0475104362/slixmpp-1.12.0-cp313-cp313-musllinux_1_2_x86_64.whl", hash = "sha256:b5e07b67ed43026bf0b57d3c716562d0671b821d0a674fb3af16e33474412c48", size = 1015161, upload-time = "2025-10-19T18:25:39.597Z" },
    { url = "https://files.pythonhosted.org/packages/c1/8c/2ea564b2c2e7496b9688234303f8427b33fb87a591260227b7cf35f922dc/slixmpp-1.12.0-cp314-cp314-manylinux_2_17_aarch64.manylinux2014_aarch64.whl", hash = "sha256:9fe865e978cb844c45f59096b31d2c5bc1e9fae3bdf59041c2e9e7386628f6d8", size = 917672, upload-time = "2025-10-19T18:25:40.919Z" },
    { url = "https://files.pythonhosted.org/packages/2e/6e/fa13ff077c3d4240491529d5ec7de33a1dc7d853aea28eb0ac04977e8542/slixmpp-1.12.0-cp314-cp314-manylinux_2_17_x86_64.manylinux2014_x86_64.whl", hash = "sha256:6d8d951ac9482f097dd56e133c4ecccb32baa6b21416100e5541862cc3696456", size = 931947, upload-time = "2025-10-19T18:25:42.641Z" },
    { url = "https://files.pythonhosted.org/packages/34/fc/64a9fc4557c1af5cfe0c2d35eee457d5cf87d8191e99ebdb793048dec123/slixmpp-1.12.0-cp314-cp314-musllinux_1_2_aarch64.whl", hash = "sha256:86b7fcbfc9e0f15d7b3e22925fcc3f35c62abde2638de5ebd617d89d8767d90c", size = 1047100, upload-time = "2025-10-19T18:25:44.823Z" },
    { url = "https://files.pythonhosted.org/packages/72/5c/c78e03989639d693ede4c44d60c2cfc090c82b6b8498a1f04b1fb3bd6510/slixmpp-1.12.0-cp314-cp314-musllinux_1_2_x86_64.whl", hash = "sha256:4ec2017578e19fbd7937a9f35368b872bb117e8fdef579e37dc2a0317916dea5", size = 1015369, upload-time = "2025-10-19T18:25:46.543Z" },
]

[[package]]
name = "xmpp-utilities"
version = "1.2.0"
source = { editable = "." }
dependencies = [
    { name = "dnspython", extra = ["dnssec"] },
    { name = "slixmpp" },
]

[package.metadata]
requires-dist = [
    { name = "dnspython", extras = ["dnssec"], specifier = ">=2.8.0" },
    { name = "slixmpp", specifier = ">=1.12.0" },
]
